
Microsoft Visual Studio Solution File, Format Version 12.00
# Visual Studio Version 17
VisualStudioVersion = 17.3.32901.215
MinimumVisualStudioVersion = 10.0.40219.1
Project("{8BC9CEB8-8B4A-11D0-8D11-00A0C91BC942}") = "LiquidSimuldation", "LiquidSimuldation\LiquidSimuldation.vcxproj", "{CCD584F9-411F-4CD3-B415-FF4471C55236}"
EndProject
Project("{8BC9CEB8-8B4A-11D0-8D11-00A0C91BC942}") = "OpenGLCompute", "OpenGLCompute\OpenGLCompute.vcxproj", "{94015F97-C0DD-4B79-9B9C-D520F7059B92}"
EndProject
Global
	GlobalSection(SolutionConfigurationPlatforms) = preSolution
		Debug|x64 = Debug|x64
		Debug|x86 = Debug|x86
		Release|x64 = Release|x64
		Release|x86 = Release|x86
	EndGlobalSection
	GlobalSection(ProjectConfigurationPlatforms) = postSolution
		{CCD584F9-411F-4CD3-B415-FF4471C55236}.Debug|x64.ActiveCfg = Debug|x64
		{CCD584F9-411F-4CD3-B415-FF4471C55236}.Debug|x64.Build.0 = Debug|x64
		{CCD584F9-411F-4CD3-B415-FF4471C55236}.Debug|x86.ActiveCfg = Debug|Win32
		{CCD584F9-411F-4CD3-B415-FF4471C55236}.Debug|x86.Build.0 = Debug|Win32
		{CCD584F9-411F-4CD3-B415-FF4471C55236}.Release|x64.ActiveCfg = Release|x64
		{CCD584F9-411F-4CD3-B415-FF4471C55236}.Release|x64.Build.0 = Release|x64
		{CCD584F9-411F-4CD3-B415-FF4471C55236}.Release|x86.ActiveCfg = Release|Win32
		{CCD584F9-411F-4CD3-B415-FF4471C55236}.Release|x86.Build.0 = Release|Win32
		{94015F97-C0DD-4B79-9B9C-D520F7059B92}.Debug|x64.ActiveCfg = Debug|x64
		{94015F97-C0DD-4B79-9B9C-D520F7059B92}.Debug|x64.Build.0 = Debug|x64
		{94015F97-C0DD-4B79-9B9C-D520F7059B92}.Debug|x86.ActiveCfg = Debug|Win32
		{94015F97-C0DD-4B79-9B9C-D520F7059B92}.Debug|x86.Build.0 = Debug|Win32
		{94015F97-C0DD-4B79-9B9C-D520F7059B92}.Release|x64.ActiveCfg = Release|x64
		{94015F97-C0DD-4B79-9B9C-D520F7059B92}.Release|x64.Build.0 = Release|x64
		{94015F97-C0DD-4B79-9B9C-D520F7059B92}.Release|x86.ActiveCfg = Release|Win32
		{94015F97-C0DD-4B79-9B9C-D520F7059B92}.Release|x86.Build.0 = Release|Win32
	EndGlobalSection
	GlobalSection(SolutionProperties) = preSolution
		HideSolutionNode = FALSE
	EndGlobalSection
	GlobalSection(ExtensibilityGlobals) = postSolution
		SolutionGuid = {F68039A8-465E-4733-BF95-4C59D84EAE7B}
	EndGlobalSection
EndGlobal
