<?xml version="1.0" encoding="utf-8"?>
<Project ToolsVersion="4.0" xmlns="http://schemas.microsoft.com/developer/msbuild/2003">
  <ItemGroup>
    <Filter Include="Source Files">
      <UniqueIdentifier>{4FC737F1-C7A5-4376-A066-2A32D752A2FF}</UniqueIdentifier>
      <Extensions>cpp;c;cc;cxx;c++;cppm;ixx;def;odl;idl;hpj;bat;asm;asmx</Extensions>
    </Filter>
    <Filter Include="Source Files\OpenGL">
      <UniqueIdentifier>{45a9270c-4905-4809-b2ca-c2e97301d396}</UniqueIdentifier>
    </Filter>
    <Filter Include="Source Files\OpenGL\Shaders">
      <UniqueIdentifier>{379c51e2-1584-4e61-8ae7-afcd0cbef99f}</UniqueIdentifier>
    </Filter>
    <Filter Include="Source Files\math">
      <UniqueIdentifier>{4f90ab15-aaf5-4404-a8b1-d0a70f5ef12d}</UniqueIdentifier>
    </Filter>
    <Filter Include="Source Files\Elements">
      <UniqueIdentifier>{5ac23fa0-702d-4f91-be11-0e8f51b22be3}</UniqueIdentifier>
    </Filter>
    <Filter Include="Source Files\OpenGL\Programs">
      <UniqueIdentifier>{92f60692-066f-466f-b867-d9e63e50b29b}</UniqueIdentifier>
    </Filter>
  </ItemGroup>
  <ItemGroup>
    <ClCompile Include="LiquidSimuldation.cpp">
      <Filter>Source Files</Filter>
    </ClCompile>
    <ClCompile Include="glad.c">
      <Filter>Source Files\OpenGL</Filter>
    </ClCompile>
    <ClCompile Include="matrix3x3.cpp">
      <Filter>Source Files\math</Filter>
    </ClCompile>
    <ClCompile Include="vector2.cpp">
      <Filter>Source Files\math</Filter>
    </ClCompile>
    <ClCompile Include="vector3.cpp">
      <Filter>Source Files\math</Filter>
    </ClCompile>
    <ClCompile Include="DataFactory.h">
      <Filter>Source Files\Elements</Filter>
    </ClCompile>
  </ItemGroup>
  <ItemGroup>
    <ClInclude Include="FluidProcessor.h">
      <Filter>Source Files</Filter>
    </ClInclude>
    <ClInclude Include="VectorFunctions.h">
      <Filter>Source Files</Filter>
    </ClInclude>
    <ClInclude Include="ParticleGrid.h">
      <Filter>Source Files</Filter>
    </ClInclude>
    <ClInclude Include="Sceen.h">
      <Filter>Source Files</Filter>
    </ClInclude>
    <ClInclude Include="matrix3x3.h">
      <Filter>Source Files\math</Filter>
    </ClInclude>
    <ClInclude Include="vector2.h">
      <Filter>Source Files\math</Filter>
    </ClInclude>
    <ClInclude Include="vector3.h">
      <Filter>Source Files\math</Filter>
    </ClInclude>
    <ClInclude Include="Particle.h">
      <Filter>Source Files\Elements</Filter>
    </ClInclude>
    <ClInclude Include="Wall.h">
      <Filter>Source Files\Elements</Filter>
    </ClInclude>
    <ClInclude Include="ElementSharedData.h">
      <Filter>Source Files\Elements</Filter>
    </ClInclude>
    <ClInclude Include="GPUCompute.h">
      <Filter>Source Files</Filter>
    </ClInclude>
    <ClInclude Include="ComputeProgram.h">
      <Filter>Source Files\OpenGL\Programs</Filter>
    </ClInclude>
    <ClInclude Include="GPUProgramBase.h">
      <Filter>Source Files\OpenGL\Programs</Filter>
    </ClInclude>
    <ClInclude Include="RenderProgram.h">
      <Filter>Source Files\OpenGL\Programs</Filter>
    </ClInclude>
    <ClInclude Include="Config.h">
      <Filter>Source Files</Filter>
    </ClInclude>
  </ItemGroup>
  <ItemGroup>
    <None Include="packages.config" />
    <None Include="Shaders\particle.frag">
      <Filter>Source Files\OpenGL\Shaders</Filter>
    </None>
    <None Include="Shaders\particle.vert">
      <Filter>Source Files\OpenGL\Shaders</Filter>
    </None>
    <None Include="Shaders\compute.comp">
      <Filter>Source Files\OpenGL\Shaders</Filter>
    </None>
    <None Include="Shaders\create_pairs.comp">
      <Filter>Source Files\OpenGL\Shaders</Filter>
    </None>
  </ItemGroup>
</Project>