<?xml version="1.0" encoding="utf-8"?>
<Project ToolsVersion="4.0" xmlns="http://schemas.microsoft.com/developer/msbuild/2003">
  <ItemGroup>
    <Filter Include="Source Files">
      <UniqueIdentifier>{4FC737F1-C7A5-4376-A066-2A32D752A2FF}</UniqueIdentifier>
      <Extensions>cpp;c;cc;cxx;c++;cppm;ixx;def;odl;idl;hpj;bat;asm;asmx</Extensions>
    </Filter>
    <Filter Include="New">
      <UniqueIdentifier>{40f41e15-14c5-4e7d-b1d0-0303a92cc40d}</UniqueIdentifier>
    </Filter>
    <Filter Include="Source Files\shaders">
      <UniqueIdentifier>{379c51e2-1584-4e61-8ae7-afcd0cbef99f}</UniqueIdentifier>
    </Filter>
    <Filter Include="Source Files\shaders\render">
      <UniqueIdentifier>{24e117ec-fa25-487e-8738-5f690cc275fa}</UniqueIdentifier>
    </Filter>
    <Filter Include="Source Files\shaders\compute">
      <UniqueIdentifier>{89b2dcb9-e3d5-4a16-8f36-110be4c979e4}</UniqueIdentifier>
    </Filter>
    <Filter Include="Source Files\shaders\compute\particle_pairs">
      <UniqueIdentifier>{b0481485-0f3b-4585-80f9-f1bc9b91e0dc}</UniqueIdentifier>
    </Filter>
    <Filter Include="Source Files\shaders\compute\particles">
      <UniqueIdentifier>{0cf0bda1-0198-4109-914f-2ecbeaa268d7}</UniqueIdentifier>
    </Filter>
  </ItemGroup>
  <ItemGroup>
    <ClCompile Include="LiquidSimuldation.cpp">
      <Filter>Source Files</Filter>
    </ClCompile>
    <ClCompile Include="Utils\NeatTimer.cpp">
      <Filter>Source Files</Filter>
    </ClCompile>
    <ClCompile Include="DeviceComputation\DeviceFluidProcessor.cpp">
      <Filter>Source Files</Filter>
    </ClCompile>
    <ClCompile Include="ParticleGrid.cpp">
      <Filter>Source Files</Filter>
    </ClCompile>
    <ClCompile Include="FluidProcessor.cpp">
      <Filter>Source Files</Filter>
    </ClCompile>
    <ClCompile Include="OpenGL\glad.c">
      <Filter>Source Files</Filter>
    </ClCompile>
    <ClCompile Include="Math\matrix3x3.cpp">
      <Filter>Source Files</Filter>
    </ClCompile>
    <ClCompile Include="Math\vector2.cpp">
      <Filter>Source Files</Filter>
    </ClCompile>
    <ClCompile Include="Math\vector3.cpp">
      <Filter>Source Files</Filter>
    </ClCompile>
    <ClCompile Include="Utils\DataFactory.h">
      <Filter>Source Files</Filter>
    </ClCompile>
    <ClCompile Include="DeviceComputation\PairCreator.cpp">
      <Filter>Source Files</Filter>
    </ClCompile>
    <ClCompile Include="OpenGL\DeviceProgram\RenderProgram.cpp">
      <Filter>Source Files</Filter>
    </ClCompile>
    <ClCompile Include="OpenGL\DeviceProgram\DeviceProgram.cpp">
      <Filter>Source Files</Filter>
    </ClCompile>
    <ClCompile Include="OpenGL\DeviceProgram\ComputeProgram.cpp">
      <Filter>Source Files</Filter>
    </ClCompile>
  </ItemGroup>
  <ItemGroup>
    <ClInclude Include="FluidProcessor.h">
      <Filter>Source Files</Filter>
    </ClInclude>
    <ClInclude Include="Math\VectorFunctions.h">
      <Filter>Source Files</Filter>
    </ClInclude>
    <ClInclude Include="ParticleGrid.h">
      <Filter>Source Files</Filter>
    </ClInclude>
    <ClInclude Include="Sceen.h">
      <Filter>Source Files</Filter>
    </ClInclude>
    <ClInclude Include="DeviceComputation\DeviceFluidProcessor.h">
      <Filter>Source Files</Filter>
    </ClInclude>
    <ClInclude Include="Config.h">
      <Filter>Source Files</Filter>
    </ClInclude>
    <ClInclude Include="Utils\NeatTimer.h">
      <Filter>Source Files</Filter>
    </ClInclude>
    <ClInclude Include="Utils\Algorithms.h">
      <Filter>Source Files</Filter>
    </ClInclude>
    <ClInclude Include="OpenGL\DeviceProgram\DeviceProgram.h">
      <Filter>Source Files</Filter>
    </ClInclude>
    <ClInclude Include="OpenGL\DeviceProgram\ComputeProgram.h">
      <Filter>Source Files</Filter>
    </ClInclude>
    <ClInclude Include="OpenGL\DeviceProgram\RenderProgram.h">
      <Filter>Source Files</Filter>
    </ClInclude>
    <ClInclude Include="Math\vector3.h">
      <Filter>Source Files</Filter>
    </ClInclude>
    <ClInclude Include="Math\matrix3x3.h">
      <Filter>Source Files</Filter>
    </ClInclude>
    <ClInclude Include="Math\vector2.h">
      <Filter>Source Files</Filter>
    </ClInclude>
    <ClInclude Include="Elements\Wall.h">
      <Filter>Source Files</Filter>
    </ClInclude>
    <ClInclude Include="Elements\ElementSharedData.h">
      <Filter>Source Files</Filter>
    </ClInclude>
    <ClInclude Include="Elements\Particle.h">
      <Filter>Source Files</Filter>
    </ClInclude>
    <ClInclude Include="DeviceComputation\CommonBuffers.h">
      <Filter>Source Files</Filter>
    </ClInclude>
    <ClInclude Include="DeviceComputation\PairCreator.h">
      <Filter>Source Files</Filter>
    </ClInclude>
  </ItemGroup>
  <ItemGroup>
    <None Include="packages.config" />
    <None Include="Shaders\common.glsl">
      <Filter>Source Files\shaders</Filter>
    </None>
    <None Include="shaders\render\particle.frag">
      <Filter>Source Files\shaders\render</Filter>
    </None>
    <None Include="shaders\render\particle.vert">
      <Filter>Source Files\shaders\render</Filter>
    </None>
    <None Include="shaders\render\wall.vert">
      <Filter>Source Files\shaders\render</Filter>
    </None>
    <None Include="shaders\compute\particles\particles_density.comp">
      <Filter>Source Files\shaders\compute\particles</Filter>
    </None>
    <None Include="shaders\compute\particles\particles_gravity.comp">
      <Filter>Source Files\shaders\compute\particles</Filter>
    </None>
    <None Include="shaders\compute\particles\particles_update.comp">
      <Filter>Source Files\shaders\compute\particles</Filter>
    </None>
    <None Include="shaders\compute\particles\particles_viscosity.comp">
      <Filter>Source Files\shaders\compute\particles</Filter>
    </None>
    <None Include="shaders\compute\particle_pairs\radix_sort.comp">
      <Filter>Source Files\shaders\compute\particle_pairs</Filter>
    </None>
    <None Include="shaders\compute\particle_pairs\buckets_count.comp">
      <Filter>Source Files\shaders\compute\particle_pairs</Filter>
    </None>
    <None Include="shaders\compute\particle_pairs\create_pairs.comp">
      <Filter>Source Files\shaders\compute\particle_pairs</Filter>
    </None>
    <None Include="shaders\compute\particle_pairs\update_grid.comp" />
    <None Include="shaders\compute\particle_pairs\bucket_indexes_count.comp" />
  </ItemGroup>
</Project>